PODS:
  - Bolts-Swift (1.3.0)
  - Bolts/Tasks (1.9.0)
  - Parse (1.16.0):
    - Parse/Core (= 1.16.0)
  - Parse/Core (1.16.0):
    - Bolts/Tasks (~> 1.9)
  - ParseLiveQuery (2.3.0):
    - Bolts-Swift (~> 1.3.0)
    - Parse (~> 1.16.0)
    - Starscream (~> 3.0.4)
  - Starscream (3.0.4)

DEPENDENCIES:
  - Parse
  - ParseLiveQuery

SPEC CHECKSUMS:
  Bolts: ac6567323eac61e203f6a9763667d0f711be34c8
  Bolts-Swift: fa98d1b59fc1acea9b21a21306dcdca1c85e3737
  Parse: 5b36dc2c2f0a2fd82a257ae018bc3d68cf2c24e7
  ParseLiveQuery: 8c7025d6dd4330db29e3ee5c3bc64eff58a80ad2
  Starscream: f5da93fe6984c77b694366bf7299b7dc63a76f26

PODFILE CHECKSUM: 5f49e670226efb1551d7bb4de1efe657b9369f46

COCOAPODS: 1.4.0
